
Microsoft Visual Studio Solution File, Format Version 12.00
# Visual Studio Version 17
VisualStudioVersion = 17.2.32616.157
MinimumVisualStudioVersion = 10.0.40219.1
Project("{FAE04EC0-301F-11D3-BF4B-00C04F79EFBC}") = "IntegratingStripePaymentGateaway", "IntegratingStripePaymentGateaway\IntegratingStripePaymentGateaway.csproj", "{CED6A1D5-6EBD-41EA-B541-25EF44E99466}"
EndProject
Global
	GlobalSection(SolutionConfigurationPlatforms) = preSolution
		Debug|Any CPU = Debug|Any CPU
		Release|Any CPU = Release|Any CPU
	EndGlobalSection
	GlobalSection(ProjectConfigurationPlatforms) = postSolution
		{CED6A1D5-6EBD-41EA-B541-25EF44E99466}.Debug|Any CPU.ActiveCfg = Debug|Any CPU
		{CED6A1D5-6EBD-41EA-B541-25EF44E99466}.Debug|Any CPU.Build.0 = Debug|Any CPU
		{CED6A1D5-6EBD-41EA-B541-25EF44E99466}.Release|Any CPU.ActiveCfg = Release|Any CPU
		{CED6A1D5-6EBD-41EA-B541-25EF44E99466}.Release|Any CPU.Build.0 = Release|Any CPU
	EndGlobalSection
	GlobalSection(SolutionProperties) = preSolution
		HideSolutionNode = FALSE
	EndGlobalSection
	GlobalSection(ExtensibilityGlobals) = postSolution
		SolutionGuid = {1F1C5721-7F20-4D98-B704-0669EC020B6B}
	EndGlobalSection
EndGlobal
